
Microsoft Visual Studio Solution File, Format Version 12.00
# Visual Studio Version 16
VisualStudioVersion = 16.0.29215.179
MinimumVisualStudioVersion = 10.0.40219.1
Project("{FAE04EC0-301F-11D3-BF4B-00C04F79EFBC}") = "Milles_MIS4200_Real", "Milles_MIS4200_Real.csproj", "{BB01D64C-CE34-4989-9D2D-C174D7BD7717}"
EndProject
Global
	GlobalSection(SolutionConfigurationPlatforms) = preSolution
		Debug|Any CPU = Debug|Any CPU
		Release|Any CPU = Release|Any CPU
	EndGlobalSection
	GlobalSection(ProjectConfigurationPlatforms) = postSolution
		{BB01D64C-CE34-4989-9D2D-C174D7BD7717}.Debug|Any CPU.ActiveCfg = Debug|Any CPU
		{BB01D64C-CE34-4989-9D2D-C174D7BD7717}.Debug|Any CPU.Build.0 = Debug|Any CPU
		{BB01D64C-CE34-4989-9D2D-C174D7BD7717}.Release|Any CPU.ActiveCfg = Release|Any CPU
		{BB01D64C-CE34-4989-9D2D-C174D7BD7717}.Release|Any CPU.Build.0 = Release|Any CPU
	EndGlobalSection
	GlobalSection(SolutionProperties) = preSolution
		HideSolutionNode = FALSE
	EndGlobalSection
	GlobalSection(ExtensibilityGlobals) = postSolution
		SolutionGuid = {C1CFEED0-797A-46E8-AB5B-1651FB439B23}
	EndGlobalSection
EndGlobal
